
Microsoft Visual Studio Solution File, Format Version 12.00
# Visual Studio 15
VisualStudioVersion = 15.0.28307.136
MinimumVisualStudioVersion = 10.0.40219.1
Project("{9092AA53-FB77-4645-B42D-1CCCA6BD08BD}") = "GarantieMonitor", "GarantieMonitor\GarantieMonitor.njsproj", "{ACF88C78-DECC-42F9-B724-A536474CC12D}"
EndProject
Global
	GlobalSection(SolutionConfigurationPlatforms) = preSolution
		Debug|Any CPU = Debug|Any CPU
		Release|Any CPU = Release|Any CPU
	EndGlobalSection
	GlobalSection(ProjectConfigurationPlatforms) = postSolution
		{ACF88C78-DECC-42F9-B724-A536474CC12D}.Debug|Any CPU.ActiveCfg = Debug|Any CPU
		{ACF88C78-DECC-42F9-B724-A536474CC12D}.Debug|Any CPU.Build.0 = Debug|Any CPU
		{ACF88C78-DECC-42F9-B724-A536474CC12D}.Release|Any CPU.ActiveCfg = Release|Any CPU
		{ACF88C78-DECC-42F9-B724-A536474CC12D}.Release|Any CPU.Build.0 = Release|Any CPU
	EndGlobalSection
	GlobalSection(SolutionProperties) = preSolution
		HideSolutionNode = FALSE
	EndGlobalSection
	GlobalSection(ExtensibilityGlobals) = postSolution
		SolutionGuid = {EA9B2D28-E319-4F75-B844-35796A8E4858}
	EndGlobalSection
EndGlobal
